PODS:
  - Kingfisher (5.14.0):
    - Kingfisher/Core (= 5.14.0)
  - Kingfisher/Core (5.14.0)
  - Realm (5.0.0):
    - Realm/Headers (= 5.0.0)
  - Realm/Headers (5.0.0)
  - RealmSwift (5.0.0):
    - Realm (= 5.0.0)

DEPENDENCIES:
  - Kingfisher (from `https://github.com/onevcat/Kingfisher`, branch `master`)
  - RealmSwift

SPEC REPOS:
  trunk:
    - Realm
    - RealmSwift

EXTERNAL SOURCES:
  Kingfisher:
    :branch: master
    :git: https://github.com/onevcat/Kingfisher

CHECKOUT OPTIONS:
  Kingfisher:
    :commit: d00761ec0e9dee2392c27ab4f720d8c984d35684
    :git: https://github.com/onevcat/Kingfisher

SPEC CHECKSUMS:
  Kingfisher: 7b64389a43139c903ec434788344c288217c792d
  Realm: 76066d333de26f97e9caedaa85ee3ff4a62ca265
  RealmSwift: c1bdff09b422569dc6881410d9ccf712bcdb79b0

PODFILE CHECKSUM: 48da800ac42bc0590d4ac305fe9459672cbcc094

COCOAPODS: 1.9.1
