PODS:
  - Kingfisher (5.13.4):
    - Kingfisher/Core (= 5.13.4)
  - Kingfisher/Core (5.13.4)
  - Realm (4.4.1):
    - Realm/Headers (= 4.4.1)
  - Realm/Headers (4.4.1)
  - RealmSwift (4.4.1):
    - Realm (= 4.4.1)

DEPENDENCIES:
  - Kingfisher
  - RealmSwift

SPEC REPOS:
  trunk:
    - Kingfisher
    - Realm
    - RealmSwift

SPEC CHECKSUMS:
  Kingfisher: d2279a7abece3c7f25a80cd2b7f363ca5cf3f44c
  Realm: 4eb04d7487bd43c0581256f40b424eafb711deff
  RealmSwift: 3eb8924ff7100df5928c7602f71d0fec51e7c9c5

PODFILE CHECKSUM: 53bf50634183257a177cecfda700e80dcdc75273

COCOAPODS: 1.8.4
